// !$*UTF8*$!
{
	archiveVersion = 1;
	classes = {
	};
	objectVersion = 46;
	objects = {

/* Begin PBXBuildFile section */
		FDC8CCBF1D09219100D8C794 /* AppDelegate.swift in Sources */ = {isa = PBXBuildFile; fileRef = FDC8CCBE1D09219100D8C794 /* AppDelegate.swift */; };
		FDC8CCC11D09219100D8C794 /* ViewController.swift in Sources */ = {isa = PBXBuildFile; fileRef = FDC8CCC01D09219100D8C794 /* ViewController.swift */; };
		FDC8CCC41D09219100D8C794 /* Main.storyboard in Resources */ = {isa = PBXBuildFile; fileRef = FDC8CCC21D09219100D8C794 /* Main.storyboard */; };
		FDC8CCC71D09219100D8C794 /* EGG.xcdatamodeld in Sources */ = {isa = PBXBuildFile; fileRef = FDC8CCC51D09219100D8C794 /* EGG.xcdatamodeld */; };
		FDC8CCC91D09219100D8C794 /* Assets.xcassets in Resources */ = {isa = PBXBuildFile; fileRef = FDC8CCC81D09219100D8C794 /* Assets.xcassets */; };
		FDC8CCCC1D09219100D8C794 /* LaunchScreen.storyboard in Resources */ = {isa = PBXBuildFile; fileRef = FDC8CCCA1D09219100D8C794 /* LaunchScreen.storyboard */; };
		FDC8CCD71D09219100D8C794 /* EGGTests.swift in Sources */ = {isa = PBXBuildFile; fileRef = FDC8CCD61D09219100D8C794 /* EGGTests.swift */; };
		FDC8CCE21D09219100D8C794 /* EGGUITests.swift in Sources */ = {isa = PBXBuildFile; fileRef = FDC8CCE11D09219100D8C794 /* EGGUITests.swift */; };
/* End PBXBuildFile section */

/* Begin PBXContainerItemProxy section */
		FDC8CCD31D09219100D8C794 /* PBXContainerItemProxy */ = {
			isa = PBXContainerItemProxy;
			containerPortal = FDC8CCB31D09219100D8C794 /* Project object */;
			proxyType = 1;
			remoteGlobalIDString = FDC8CCBA1D09219100D8C794;
			remoteInfo = EGG;
		};
		FDC8CCDE1D09219100D8C794 /* PBXContainerItemProxy */ = {
			isa = PBXContainerItemProxy;
			containerPortal = FDC8CCB31D09219100D8C794 /* Project object */;
			proxyType = 1;
			remoteGlobalIDString = FDC8CCBA1D09219100D8C794;
			remoteInfo = EGG;
		};
/* End PBXContainerItemProxy section */

/* Begin PBXFileReference section */
		FDC8CCBB1D09219100D8C794 /* EGG.app */ = {isa = PBXFileReference; explicitFileType = wrapper.application; includeInIndex = 0; path = EGG.app; sourceTree = BUILT_PRODUCTS_DIR; };
		FDC8CCBE1D09219100D8C794 /* AppDelegate.swift */ = {isa = PBXFileReference; lastKnownFileType = sourcecode.swift; path = AppDelegate.swift; sourceTree = "<group>"; };
		FDC8CCC01D09219100D8C794 /* ViewController.swift */ = {isa = PBXFileReference; lastKnownFileType = sourcecode.swift; path = ViewController.swift; sourceTree = "<group>"; };
		FDC8CCC31D09219100D8C794 /* Base */ = {isa = PBXFileReference; lastKnownFileType = file.storyboard; name = Base; path = Base.lproj/Main.storyboard; sourceTree = "<group>"; };
		FDC8CCC61D09219100D8C794 /* EGG.xcdatamodel */ = {isa = PBXFileReference; lastKnownFileType = wrapper.xcdatamodel; path = EGG.xcdatamodel; sourceTree = "<group>"; };
		FDC8CCC81D09219100D8C794 /* Assets.xcassets */ = {isa = PBXFileReference; lastKnownFileType = folder.assetcatalog; path = Assets.xcassets; sourceTree = "<group>"; };
		FDC8CCCB1D09219100D8C794 /* Base */ = {isa = PBXFileReference; lastKnownFileType = file.storyboard; name = Base; path = Base.lproj/LaunchScreen.storyboard; sourceTree = "<group>"; };
		FDC8CCCD1D09219100D8C794 /* Info.plist */ = {isa = PBXFileReference; lastKnownFileType = text.plist.xml; path = Info.plist; sourceTree = "<group>"; };
		FDC8CCD21D09219100D8C794 /* EGGTests.xctest */ = {isa = PBXFileReference; explicitFileType = wrapper.cfbundle; includeInIndex = 0; path = EGGTests.xctest; sourceTree = BUILT_PRODUCTS_DIR; };
		FDC8CCD61D09219100D8C794 /* EGGTests.swift */ = {isa = PBXFileReference; lastKnownFileType = sourcecode.swift; path = EGGTests.swift; sourceTree = "<group>"; };
		FDC8CCD81D09219100D8C794 /* Info.plist */ = {isa = PBXFileReference; lastKnownFileType = text.plist.xml; path = Info.plist; sourceTree = "<group>"; };
		FDC8CCDD1D09219100D8C794 /* EGGUITests.xctest */ = {isa = PBXFileReference; explicitFileType = wrapper.cfbundle; includeInIndex = 0; path = EGGUITests.xctest; sourceTree = BUILT_PRODUCTS_DIR; };
		FDC8CCE11D09219100D8C794 /* EGGUITests.swift */ = {isa = PBXFileReference; lastKnownFileType = sourcecode.swift; path = EGGUITests.swift; sourceTree = "<group>"; };
		FDC8CCE31D09219100D8C794 /* Info.plist */ = {isa = PBXFileReference; lastKnownFileType = text.plist.xml; path = Info.plist; sourceTree = "<group>"; };
/* End PBXFileReference section */

/* Begin PBXFrameworksBuildPhase section */
		FDC8CCB81D09219100D8C794 /* Frameworks */ = {
			isa = PBXFrameworksBuildPhase;
			buildActionMask = 2147483647;
			files = (
			);
			runOnlyForDeploymentPostprocessing = 0;
		};
		FDC8CCCF1D09219100D8C794 /* Frameworks */ = {
			isa = PBXFrameworksBuildPhase;
			buildActionMask = 2147483647;
			files = (
			);
			runOnlyForDeploymentPostprocessing = 0;
		};
		FDC8CCDA1D09219100D8C794 /* Frameworks */ = {
			isa = PBXFrameworksBuildPhase;
			buildActionMask = 2147483647;
			files = (
			);
			runOnlyForDeploymentPostprocessing = 0;
		};
/* End PBXFrameworksBuildPhase section */

/* Begin PBXGroup section */
		FDC8CCB21D09219100D8C794 = {
			isa = PBXGroup;
			children = (
				FDC8CCBD1D09219100D8C794 /* EGG */,
				FDC8CCD51D09219100D8C794 /* EGGTests */,
				FDC8CCE01D09219100D8C794 /* EGGUITests */,
				FDC8CCBC1D09219100D8C794 /* Products */,
			);
			sourceTree = "<group>";
		};
		FDC8CCBC1D09219100D8C794 /* Products */ = {
			isa = PBXGroup;
			children = (
				FDC8CCBB1D09219100D8C794 /* EGG.app */,
				FDC8CCD21D09219100D8C794 /* EGGTests.xctest */,
				FDC8CCDD1D09219100D8C794 /* EGGUITests.xctest */,
			);
			name = Products;
			sourceTree = "<group>";
		};
		FDC8CCBD1D09219100D8C794 /* EGG */ = {
			isa = PBXGroup;
			children = (
				FDC8CCBE1D09219100D8C794 /* AppDelegate.swift */,
				FDC8CCC01D09219100D8C794 /* ViewController.swift */,
				FDC8CCC21D09219100D8C794 /* Main.storyboard */,
				FDC8CCC81D09219100D8C794 /* Assets.xcassets */,
				FDC8CCCA1D09219100D8C794 /* LaunchScreen.storyboard */,
				FDC8CCCD1D09219100D8C794 /* Info.plist */,
				FDC8CCC51D09219100D8C794 /* EGG.xcdatamodeld */,
			);
			path = EGG;
			sourceTree = "<group>";
		};
		FDC8CCD51D09219100D8C794 /* EGGTests */ = {
			isa = PBXGroup;
			children = (
				FDC8CCD61D09219100D8C794 /* EGGTests.swift */,
				FDC8CCD81D09219100D8C794 /* Info.plist */,
			);
			path = EGGTests;
			sourceTree = "<group>";
		};
		FDC8CCE01D09219100D8C794 /* EGGUITests */ = {
			isa = PBXGroup;
			children = (
				FDC8CCE11D09219100D8C794 /* EGGUITests.swift */,
				FDC8CCE31D09219100D8C794 /* Info.plist */,
			);
			path = EGGUITests;
			sourceTree = "<group>";
		};
/* End PBXGroup section */

/* Begin PBXNativeTarget section */
		FDC8CCBA1D09219100D8C794 /* EGG */ = {
			isa = PBXNativeTarget;
			buildConfigurationList = FDC8CCE61D09219100D8C794 /* Build configuration list for PBXNativeTarget "EGG" */;
			buildPhases = (
				FDC8CCB71D09219100D8C794 /* Sources */,
				FDC8CCB81D09219100D8C794 /* Frameworks */,
				FDC8CCB91D09219100D8C794 /* Resources */,
			);
			buildRules = (
			);
			dependencies = (
			);
			name = EGG;
			productName = EGG;
			productReference = FDC8CCBB1D09219100D8C794 /* EGG.app */;
			productType = "com.apple.product-type.application";
		};
		FDC8CCD11D09219100D8C794 /* EGGTests */ = {
			isa = PBXNativeTarget;
			buildConfigurationList = FDC8CCE91D09219100D8C794 /* Build configuration list for PBXNativeTarget "EGGTests" */;
			buildPhases = (
				FDC8CCCE1D09219100D8C794 /* Sources */,
				FDC8CCCF1D09219100D8C794 /* Frameworks */,
				FDC8CCD01D09219100D8C794 /* Resources */,
			);
			buildRules = (
			);
			dependencies = (
				FDC8CCD41D09219100D8C794 /* PBXTargetDependency */,
			);
			name = EGGTests;
			productName = EGGTests;
			productReference = FDC8CCD21D09219100D8C794 /* EGGTests.xctest */;
			productType = "com.apple.product-type.bundle.unit-test";
		};
		FDC8CCDC1D09219100D8C794 /* EGGUITests */ = {
			isa = PBXNativeTarget;
			buildConfigurationList = FDC8CCEC1D09219100D8C794 /* Build configuration list for PBXNativeTarget "EGGUITests" */;
			buildPhases = (
				FDC8CCD91D09219100D8C794 /* Sources */,
				FDC8CCDA1D09219100D8C794 /* Frameworks */,
				FDC8CCDB1D09219100D8C794 /* Resources */,
			);
			buildRules = (
			);
			dependencies = (
				FDC8CCDF1D09219100D8C794 /* PBXTargetDependency */,
			);
			name = EGGUITests;
			productName = EGGUITests;
			productReference = FDC8CCDD1D09219100D8C794 /* EGGUITests.xctest */;
			productType = "com.apple.product-type.bundle.ui-testing";
		};
/* End PBXNativeTarget section */

/* Begin PBXProject section */
		FDC8CCB31D09219100D8C794 /* Project object */ = {
			isa = PBXProject;
			attributes = {
				LastSwiftUpdateCheck = 0730;
				LastUpgradeCheck = 0730;
				ORGANIZATIONNAME = "Zhenyang Zhong";
				TargetAttributes = {
					FDC8CCBA1D09219100D8C794 = {
						CreatedOnToolsVersion = 7.3.1;
					};
					FDC8CCD11D09219100D8C794 = {
						CreatedOnToolsVersion = 7.3.1;
						TestTargetID = FDC8CCBA1D09219100D8C794;
					};
					FDC8CCDC1D09219100D8C794 = {
						CreatedOnToolsVersion = 7.3.1;
						TestTargetID = FDC8CCBA1D09219100D8C794;
					};
				};
			};
			buildConfigurationList = FDC8CCB61D09219100D8C794 /* Build configuration list for PBXProject "EGG" */;
			compatibilityVersion = "Xcode 3.2";
			developmentRegion = English;
			hasScannedForEncodings = 0;
			knownRegions = (
				en,
				Base,
			);
			mainGroup = FDC8CCB21D09219100D8C794;
			productRefGroup = FDC8CCBC1D09219100D8C794 /* Products */;
			projectDirPath = "";
			projectRoot = "";
			targets = (
				FDC8CCBA1D09219100D8C794 /* EGG */,
				FDC8CCD11D09219100D8C794 /* EGGTests */,
				FDC8CCDC1D09219100D8C794 /* EGGUITests */,
			);
		};
/* End PBXProject section */

/* Begin PBXResourcesBuildPhase section */
		FDC8CCB91D09219100D8C794 /* Resources */ = {
			isa = PBXResourcesBuildPhase;
			buildActionMask = 2147483647;
			files = (
				FDC8CCCC1D09219100D8C794 /* LaunchScreen.storyboard in Resources */,
				FDC8CCC91D09219100D8C794 /* Assets.xcassets in Resources */,
				FDC8CCC41D09219100D8C794 /* Main.storyboard in Resources */,
			);
			runOnlyForDeploymentPostprocessing = 0;
		};
		FDC8CCD01D09219100D8C794 /* Resources */ = {
			isa = PBXResourcesBuildPhase;
			buildActionMask = 2147483647;
			files = (
			);
			runOnlyForDeploymentPostprocessing = 0;
		};
		FDC8CCDB1D09219100D8C794 /* Resources */ = {
			isa = PBXResourcesBuildPhase;
			buildActionMask = 2147483647;
			files = (
			);
			runOnlyForDeploymentPostprocessing = 0;
		};
/* End PBXResourcesBuildPhase section */

/* Begin PBXSourcesBuildPhase section */
		FDC8CCB71D09219100D8C794 /* Sources */ = {
			isa = PBXSourcesBuildPhase;
			buildActionMask = 2147483647;
			files = (
				FDC8CCC71D09219100D8C794 /* EGG.xcdatamodeld in Sources */,
				FDC8CCC11D09219100D8C794 /* ViewController.swift in Sources */,
				FDC8CCBF1D09219100D8C794 /* AppDelegate.swift in Sources */,
			);
			runOnlyForDeploymentPostprocessing = 0;
		};
		FDC8CCCE1D09219100D8C794 /* Sources */ = {
			isa = PBXSourcesBuildPhase;
			buildActionMask = 2147483647;
			files = (
				FDC8CCD71D09219100D8C794 /* EGGTests.swift in Sources */,
			);
			runOnlyForDeploymentPostprocessing = 0;
		};
		FDC8CCD91D09219100D8C794 /* Sources */ = {
			isa = PBXSourcesBuildPhase;
			buildActionMask = 2147483647;
			files = (
				FDC8CCE21D09219100D8C794 /* EGGUITests.swift in Sources */,
			);
			runOnlyForDeploymentPostprocessing = 0;
		};
/* End PBXSourcesBuildPhase section */

/* Begin PBXTargetDependency section */
		FDC8CCD41D09219100D8C794 /* PBXTargetDependency */ = {
			isa = PBXTargetDependency;
			target = FDC8CCBA1D09219100D8C794 /* EGG */;
			targetProxy = FDC8CCD31D09219100D8C794 /* PBXContainerItemProxy */;
		};
		FDC8CCDF1D09219100D8C794 /* PBXTargetDependency */ = {
			isa = PBXTargetDependency;
			target = FDC8CCBA1D09219100D8C794 /* EGG */;
			targetProxy = FDC8CCDE1D09219100D8C794 /* PBXContainerItemProxy */;
		};
/* End PBXTargetDependency section */

/* Begin PBXVariantGroup section */
		FDC8CCC21D09219100D8C794 /* Main.storyboard */ = {
			isa = PBXVariantGroup;
			children = (
				FDC8CCC31D09219100D8C794 /* Base */,
			);
			name = Main.storyboard;
			sourceTree = "<group>";
		};
		FDC8CCCA1D09219100D8C794 /* LaunchScreen.storyboard */ = {
			isa = PBXVariantGroup;
			children = (
				FDC8CCCB1D09219100D8C794 /* Base */,
			);
			name = LaunchScreen.storyboard;
			sourceTree = "<group>";
		};
/* End PBXVariantGroup section */

/* Begin XCBuildConfiguration section */
		FDC8CCE41D09219100D8C794 /* Debug */ = {
			isa = XCBuildConfiguration;
			buildSettings = {
				ALWAYS_SEARCH_USER_PATHS = NO;
				CLANG_ANALYZER_NONNULL = YES;
				CLANG_CXX_LANGUAGE_STANDARD = "gnu++0x";
				CLANG_CXX_LIBRARY = "libc++";
				CLANG_ENABLE_MODULES = YES;
				CLANG_ENABLE_OBJC_ARC = YES;
				CLANG_WARN_BOOL_CONVERSION = YES;
				CLANG_WARN_CONSTANT_CONVERSION = YES;
				CLANG_WARN_DIRECT_OBJC_ISA_USAGE = YES_ERROR;
				CLANG_WARN_EMPTY_BODY = YES;
				CLANG_WARN_ENUM_CONVERSION = YES;
				CLANG_WARN_INT_CONVERSION = YES;
				CLANG_WARN_OBJC_ROOT_CLASS = YES_ERROR;
				CLANG_WARN_UNREACHABLE_CODE = YES;
				CLANG_WARN__DUPLICATE_METHOD_MATCH = YES;
				"CODE_SIGN_IDENTITY[sdk=iphoneos*]" = "iPhone Developer";
				COPY_PHASE_STRIP = NO;
				DEBUG_INFORMATION_FORMAT = dwarf;
				ENABLE_STRICT_OBJC_MSGSEND = YES;
				ENABLE_TESTABILITY = YES;
				GCC_C_LANGUAGE_STANDARD = gnu99;
				GCC_DYNAMIC_NO_PIC = NO;
				GCC_NO_COMMON_BLOCKS = YES;
				GCC_OPTIMIZATION_LEVEL = 0;
				GCC_PREPROCESSOR_DEFINITIONS = (
					"DEBUG=1",
					"$(inherited)",
				);
				GCC_WARN_64_TO_32_BIT_CONVERSION = YES;
				GCC_WARN_ABOUT_RETURN_TYPE = YES_ERROR;
				GCC_WARN_UNDECLARED_SELECTOR = YES;
				GCC_WARN_UNINITIALIZED_AUTOS = YES_AGGRESSIVE;
				GCC_WARN_UNUSED_FUNCTION = YES;
				GCC_WARN_UNUSED_VARIABLE = YES;
				IPHONEOS_DEPLOYMENT_TARGET = 9.3;
				MTL_ENABLE_DEBUG_INFO = YES;
				ONLY_ACTIVE_ARCH = YES;
				SDKROOT = iphoneos;
				SWIFT_OPTIMIZATION_LEVEL = "-Onone";
			};
			name = Debug;
		};
		FDC8CCE51D09219100D8C794 /* Release */ = {
			isa = XCBuildConfiguration;
			buildSettings = {
				ALWAYS_SEARCH_USER_PATHS = NO;
				CLANG_ANALYZER_NONNULL = YES;
				CLANG_CXX_LANGUAGE_STANDARD = "gnu++0x";
				CLANG_CXX_LIBRARY = "libc++";
				CLANG_ENABLE_MODULES = YES;
				CLANG_ENABLE_OBJC_ARC = YES;
				CLANG_WARN_BOOL_CONVERSION = YES;
				CLANG_WARN_CONSTANT_CONVERSION = YES;
				CLANG_WARN_DIRECT_OBJC_ISA_USAGE = YES_ERROR;
				CLANG_WARN_EMPTY_BODY = YES;
				CLANG_WARN_ENUM_CONVERSION = YES;
				CLANG_WARN_INT_CONVERSION = YES;
				CLANG_WARN_OBJC_ROOT_CLASS = YES_ERROR;
				CLANG_WARN_UNREACHABLE_CODE = YES;
				CLANG_WARN__DUPLICATE_METHOD_MATCH = YES;
				"CODE_SIGN_IDENTITY[sdk=iphoneos*]" = "iPhone Developer";
				COPY_PHASE_STRIP = NO;
				DEBUG_INFORMATION_FORMAT = "dwarf-with-dsym";
				ENABLE_NS_ASSERTIONS = NO;
				ENABLE_STRICT_OBJC_MSGSEND = YES;
				GCC_C_LANGUAGE_STANDARD = gnu99;
				GCC_NO_COMMON_BLOCKS = YES;
				GCC_WARN_64_TO_32_BIT_CONVERSION = YES;
				GCC_WARN_ABOUT_RETURN_TYPE = YES_ERROR;
				GCC_WARN_UNDECLARED_SELECTOR = YES;
				GCC_WARN_UNINITIALIZED_AUTOS = YES_AGGRESSIVE;
				GCC_WARN_UNUSED_FUNCTION = YES;
				GCC_WARN_UNUSED_VARIABLE = YES;
				IPHONEOS_DEPLOYMENT_TARGET = 9.3;
				MTL_ENABLE_DEBUG_INFO = NO;
				SDKROOT = iphoneos;
				VALIDATE_PRODUCT = YES;
			};
			name = Release;
		};
		FDC8CCE71D09219100D8C794 /* Debug */ = {
			isa = XCBuildConfiguration;
			buildSettings = {
				ASSETCATALOG_COMPILER_APPICON_NAME = AppIcon;
				INFOPLIST_FILE = EGG/Info.plist;
				LD_RUNPATH_SEARCH_PATHS = "$(inherited) @executable_path/Frameworks";
				PRODUCT_BUNDLE_IDENTIFIER = owen.EGG;
				PRODUCT_NAME = "$(TARGET_NAME)";
			};
			name = Debug;
		};
		FDC8CCE81D09219100D8C794 /* Release */ = {
			isa = XCBuildConfiguration;
			buildSettings = {
				ASSETCATALOG_COMPILER_APPICON_NAME = AppIcon;
				INFOPLIST_FILE = EGG/Info.plist;
				LD_RUNPATH_SEARCH_PATHS = "$(inherited) @executable_path/Frameworks";
				PRODUCT_BUNDLE_IDENTIFIER = owen.EGG;
				PRODUCT_NAME = "$(TARGET_NAME)";
			};
			name = Release;
		};
		FDC8CCEA1D09219100D8C794 /* Debug */ = {
			isa = XCBuildConfiguration;
			buildSettings = {
				BUNDLE_LOADER = "$(TEST_HOST)";
				INFOPLIST_FILE = EGGTests/Info.plist;
				LD_RUNPATH_SEARCH_PATHS = "$(inherited) @executable_path/Frameworks @loader_path/Frameworks";
				PRODUCT_BUNDLE_IDENTIFIER = owen.EGGTests;
				PRODUCT_NAME = "$(TARGET_NAME)";
				TEST_HOST = "$(BUILT_PRODUCTS_DIR)/EGG.app/EGG";
			};
			name = Debug;
		};
		FDC8CCEB1D09219100D8C794 /* Release */ = {
			isa = XCBuildConfiguration;
			buildSettings = {
				BUNDLE_LOADER = "$(TEST_HOST)";
				INFOPLIST_FILE = EGGTests/Info.plist;
				LD_RUNPATH_SEARCH_PATHS = "$(inherited) @executable_path/Frameworks @loader_path/Frameworks";
				PRODUCT_BUNDLE_IDENTIFIER = owen.EGGTests;
				PRODUCT_NAME = "$(TARGET_NAME)";
				TEST_HOST = "$(BUILT_PRODUCTS_DIR)/EGG.app/EGG";
			};
			name = Release;
		};
		FDC8CCED1D09219100D8C794 /* Debug */ = {
			isa = XCBuildConfiguration;
			buildSettings = {
				INFOPLIST_FILE = EGGUITests/Info.plist;
				LD_RUNPATH_SEARCH_PATHS = "$(inherited) @executable_path/Frameworks @loader_path/Frameworks";
				PRODUCT_BUNDLE_IDENTIFIER = owen.EGGUITests;
				PRODUCT_NAME = "$(TARGET_NAME)";
				TEST_TARGET_NAME = EGG;
			};
			name = Debug;
		};
		FDC8CCEE1D09219100D8C794 /* Release */ = {
			isa = XCBuildConfiguration;
			buildSettings = {
				INFOPLIST_FILE = EGGUITests/Info.plist;
				LD_RUNPATH_SEARCH_PATHS = "$(inherited) @executable_path/Frameworks @loader_path/Frameworks";
				PRODUCT_BUNDLE_IDENTIFIER = owen.EGGUITests;
				PRODUCT_NAME = "$(TARGET_NAME)";
				TEST_TARGET_NAME = EGG;
			};
			name = Release;
		};
/* End XCBuildConfiguration section */

/* Begin XCConfigurationList section */
		FDC8CCB61D09219100D8C794 /* Build configuration list for PBXProject "EGG" */ = {
			isa = XCConfigurationList;
			buildConfigurations = (
				FDC8CCE41D09219100D8C794 /* Debug */,
				FDC8CCE51D09219100D8C794 /* Release */,
			);
			defaultConfigurationIsVisible = 0;
			defaultConfigurationName = Release;
		};
		FDC8CCE61D09219100D8C794 /* Build configuration list for PBXNativeTarget "EGG" */ = {
			isa = XCConfigurationList;
			buildConfigurations = (
				FDC8CCE71D09219100D8C794 /* Debug */,
				FDC8CCE81D09219100D8C794 /* Release */,
			);
			defaultConfigurationIsVisible = 0;
		};
		FDC8CCE91D09219100D8C794 /* Build configuration list for PBXNativeTarget "EGGTests" */ = {
			isa = XCConfigurationList;
			buildConfigurations = (
				FDC8CCEA1D09219100D8C794 /* Debug */,
				FDC8CCEB1D09219100D8C794 /* Release */,
			);
			defaultConfigurationIsVisible = 0;
		};
		FDC8CCEC1D09219100D8C794 /* Build configuration list for PBXNativeTarget "EGGUITests" */ = {
			isa = XCConfigurationList;
			buildConfigurations = (
				FDC8CCED1D09219100D8C794 /* Debug */,
				FDC8CCEE1D09219100D8C794 /* Release */,
			);
			defaultConfigurationIsVisible = 0;
		};
/* End XCConfigurationList section */

/* Begin XCVersionGroup section */
		FDC8CCC51D09219100D8C794 /* EGG.xcdatamodeld */ = {
			isa = XCVersionGroup;
			children = (
				FDC8CCC61D09219100D8C794 /* EGG.xcdatamodel */,
			);
			currentVersion = FDC8CCC61D09219100D8C794 /* EGG.xcdatamodel */;
			path = EGG.xcdatamodeld;
			sourceTree = "<group>";
			versionGroupType = wrapper.xcdatamodel;
		};
/* End XCVersionGroup section */
	};
	rootObject = FDC8CCB31D09219100D8C794 /* Project object */;
}
